{
  "originHash" : "762fe8a2ec4d70742bb998dc57d671b0ef27456686b121c8f3b6457e25c50a23",
  "pins" : [
    {
      "identity" : "codescanner",
      "kind" : "remoteSourceControl",
      "location" : "https://github.com/twostraws/codescanner",
      "state" : {
        "revision" : "bf5d7087015620b250ee6c865b3c9039fc159d1a",
        "version" : "2.3.3"
      }
    }
  ],
  "version" : 3
}
