// !$*UTF8*$!
{
	archiveVersion = 1;
	classes = {
	};
	objectVersion = 56;
	objects = {

/* Begin PBXBuildFile section */
		FA32F69D2A9FD936007C2B3E /* SaasApp.swift in Sources */ = {isa = PBXBuildFile; fileRef = FA32F69C2A9FD936007C2B3E /* SaasApp.swift */; };
		FA32F69F2A9FD936007C2B3E /* ContentView.swift in Sources */ = {isa = PBXBuildFile; fileRef = FA32F69E2A9FD936007C2B3E /* ContentView.swift */; };
		FA32F6A12A9FD938007C2B3E /* Assets.xcassets in Resources */ = {isa = PBXBuildFile; fileRef = FA32F6A02A9FD938007C2B3E /* Assets.xcassets */; };
		FA32F6A42A9FD938007C2B3E /* Preview Assets.xcassets in Resources */ = {isa = PBXBuildFile; fileRef = FA32F6A32A9FD938007C2B3E /* Preview Assets.xcassets */; };
		FA902CE92C35B52F00AA1F0B /* SettingsView.swift in Sources */ = {isa = PBXBuildFile; fileRef = FA902CE82C35B52F00AA1F0B /* SettingsView.swift */; };
		FAB3D7D02AE18E8C003787F5 /* CodeScanner in Frameworks */ = {isa = PBXBuildFile; productRef = FAB3D7CF2AE18E8C003787F5 /* CodeScanner */; };
		FAEFAC072B00B4490098F003 /* barcodeModel.xcdatamodeld in Sources */ = {isa = PBXBuildFile; fileRef = FAEFAC052B00B4490098F003 /* barcodeModel.xcdatamodeld */; };
		FAEFAC2A2B017D070098F003 /* Persistence.swift in Sources */ = {isa = PBXBuildFile; fileRef = FAEFAC292B017D070098F003 /* Persistence.swift */; };
/* End PBXBuildFile section */

/* Begin PBXFileReference section */
		FA32F6992A9FD936007C2B3E /* Saas.app */ = {isa = PBXFileReference; explicitFileType = wrapper.application; includeInIndex = 0; path = Saas.app; sourceTree = BUILT_PRODUCTS_DIR; };
		FA32F69C2A9FD936007C2B3E /* SaasApp.swift */ = {isa = PBXFileReference; lastKnownFileType = sourcecode.swift; path = SaasApp.swift; sourceTree = "<group>"; };
		FA32F69E2A9FD936007C2B3E /* ContentView.swift */ = {isa = PBXFileReference; lastKnownFileType = sourcecode.swift; path = ContentView.swift; sourceTree = "<group>"; usesTabs = 0; };
		FA32F6A02A9FD938007C2B3E /* Assets.xcassets */ = {isa = PBXFileReference; lastKnownFileType = folder.assetcatalog; path = Assets.xcassets; sourceTree = "<group>"; };
		FA32F6A32A9FD938007C2B3E /* Preview Assets.xcassets */ = {isa = PBXFileReference; lastKnownFileType = folder.assetcatalog; path = "Preview Assets.xcassets"; sourceTree = "<group>"; };
		FA32F6B02AA04B66007C2B3E /* WidgetKit.framework */ = {isa = PBXFileReference; lastKnownFileType = wrapper.framework; name = WidgetKit.framework; path = System/Library/Frameworks/WidgetKit.framework; sourceTree = SDKROOT; };
		FA32F6B22AA04B66007C2B3E /* SwiftUI.framework */ = {isa = PBXFileReference; lastKnownFileType = wrapper.framework; name = SwiftUI.framework; path = System/Library/Frameworks/SwiftUI.framework; sourceTree = SDKROOT; };
		FA902CE82C35B52F00AA1F0B /* SettingsView.swift */ = {isa = PBXFileReference; lastKnownFileType = sourcecode.swift; path = SettingsView.swift; sourceTree = "<group>"; };
		FAEFAC062B00B4490098F003 /* barcodeModel.xcdatamodel */ = {isa = PBXFileReference; lastKnownFileType = wrapper.xcdatamodel; path = barcodeModel.xcdatamodel; sourceTree = "<group>"; };
		FAEFAC292B017D070098F003 /* Persistence.swift */ = {isa = PBXFileReference; fileEncoding = 4; lastKnownFileType = sourcecode.swift; path = Persistence.swift; sourceTree = "<group>"; };
		FAEFAC2D2B034B5D0098F003 /* barcodeModel 2.xcdatamodel */ = {isa = PBXFileReference; lastKnownFileType = wrapper.xcdatamodel; path = "barcodeModel 2.xcdatamodel"; sourceTree = "<group>"; };
		FAF46E1A2AA798EC00B91E8E /* DeviceActivity.framework */ = {isa = PBXFileReference; lastKnownFileType = wrapper.framework; name = DeviceActivity.framework; path = System/Library/Frameworks/DeviceActivity.framework; sourceTree = SDKROOT; };
/* End PBXFileReference section */

/* Begin PBXFrameworksBuildPhase section */
		FA32F6962A9FD936007C2B3E /* Frameworks */ = {
			isa = PBXFrameworksBuildPhase;
			buildActionMask = 2147483647;
			files = (
				FAB3D7D02AE18E8C003787F5 /* CodeScanner in Frameworks */,
			);
			runOnlyForDeploymentPostprocessing = 0;
		};
/* End PBXFrameworksBuildPhase section */

/* Begin PBXGroup section */
		FA32F6902A9FD936007C2B3E = {
			isa = PBXGroup;
			children = (
				FA32F69B2A9FD936007C2B3E /* Saas */,
				FA32F6AF2AA04B66007C2B3E /* Frameworks */,
				FA32F69A2A9FD936007C2B3E /* Products */,
			);
			sourceTree = "<group>";
		};
		FA32F69A2A9FD936007C2B3E /* Products */ = {
			isa = PBXGroup;
			children = (
				FA32F6992A9FD936007C2B3E /* Saas.app */,
			);
			name = Products;
			sourceTree = "<group>";
		};
		FA32F69B2A9FD936007C2B3E /* Saas */ = {
			isa = PBXGroup;
			children = (
				FAEFAC052B00B4490098F003 /* barcodeModel.xcdatamodeld */,
				FAEFAC292B017D070098F003 /* Persistence.swift */,
				FA32F69C2A9FD936007C2B3E /* SaasApp.swift */,
				FA32F69E2A9FD936007C2B3E /* ContentView.swift */,
				FA902CE82C35B52F00AA1F0B /* SettingsView.swift */,
				FA32F6A02A9FD938007C2B3E /* Assets.xcassets */,
				FA32F6A22A9FD938007C2B3E /* Preview Content */,
			);
			path = Saas;
			sourceTree = "<group>";
		};
		FA32F6A22A9FD938007C2B3E /* Preview Content */ = {
			isa = PBXGroup;
			children = (
				FA32F6A32A9FD938007C2B3E /* Preview Assets.xcassets */,
			);
			path = "Preview Content";
			sourceTree = "<group>";
		};
		FA32F6AF2AA04B66007C2B3E /* Frameworks */ = {
			isa = PBXGroup;
			children = (
				FA32F6B02AA04B66007C2B3E /* WidgetKit.framework */,
				FA32F6B22AA04B66007C2B3E /* SwiftUI.framework */,
				FAF46E1A2AA798EC00B91E8E /* DeviceActivity.framework */,
			);
			name = Frameworks;
			sourceTree = "<group>";
		};
/* End PBXGroup section */

/* Begin PBXNativeTarget section */
		FA32F6982A9FD936007C2B3E /* Saas */ = {
			isa = PBXNativeTarget;
			buildConfigurationList = FA32F6A72A9FD938007C2B3E /* Build configuration list for PBXNativeTarget "Saas" */;
			buildPhases = (
				FA32F6952A9FD936007C2B3E /* Sources */,
				FA32F6962A9FD936007C2B3E /* Frameworks */,
				FA32F6972A9FD936007C2B3E /* Resources */,
			);
			buildRules = (
			);
			dependencies = (
			);
			name = Saas;
			packageProductDependencies = (
				FAB3D7CF2AE18E8C003787F5 /* CodeScanner */,
			);
			productName = Saas;
			productReference = FA32F6992A9FD936007C2B3E /* Saas.app */;
			productType = "com.apple.product-type.application";
		};
/* End PBXNativeTarget section */

/* Begin PBXProject section */
		FA32F6912A9FD936007C2B3E /* Project object */ = {
			isa = PBXProject;
			attributes = {
				BuildIndependentTargetsInParallel = 1;
				LastSwiftUpdateCheck = 1500;
				LastUpgradeCheck = 1500;
				TargetAttributes = {
					FA32F6982A9FD936007C2B3E = {
						CreatedOnToolsVersion = 15.0;
					};
				};
			};
			buildConfigurationList = FA32F6942A9FD936007C2B3E /* Build configuration list for PBXProject "Saas" */;
			compatibilityVersion = "Xcode 14.0";
			developmentRegion = en;
			hasScannedForEncodings = 0;
			knownRegions = (
				en,
				Base,
			);
			mainGroup = FA32F6902A9FD936007C2B3E;
			packageReferences = (
				FAB3D7CE2AE18B87003787F5 /* XCRemoteSwiftPackageReference "codescanner" */,
			);
			productRefGroup = FA32F69A2A9FD936007C2B3E /* Products */;
			projectDirPath = "";
			projectRoot = "";
			targets = (
				FA32F6982A9FD936007C2B3E /* Saas */,
			);
		};
/* End PBXProject section */

/* Begin PBXResourcesBuildPhase section */
		FA32F6972A9FD936007C2B3E /* Resources */ = {
			isa = PBXResourcesBuildPhase;
			buildActionMask = 2147483647;
			files = (
				FA32F6A42A9FD938007C2B3E /* Preview Assets.xcassets in Resources */,
				FA32F6A12A9FD938007C2B3E /* Assets.xcassets in Resources */,
			);
			runOnlyForDeploymentPostprocessing = 0;
		};
/* End PBXResourcesBuildPhase section */

/* Begin PBXSourcesBuildPhase section */
		FA32F6952A9FD936007C2B3E /* Sources */ = {
			isa = PBXSourcesBuildPhase;
			buildActionMask = 2147483647;
			files = (
				FA902CE92C35B52F00AA1F0B /* SettingsView.swift in Sources */,
				FA32F69F2A9FD936007C2B3E /* ContentView.swift in Sources */,
				FAEFAC2A2B017D070098F003 /* Persistence.swift in Sources */,
				FA32F69D2A9FD936007C2B3E /* SaasApp.swift in Sources */,
				FAEFAC072B00B4490098F003 /* barcodeModel.xcdatamodeld in Sources */,
			);
			runOnlyForDeploymentPostprocessing = 0;
		};
/* End PBXSourcesBuildPhase section */

/* Begin XCBuildConfiguration section */
		FA32F6A52A9FD938007C2B3E /* Debug */ = {
			isa = XCBuildConfiguration;
			buildSettings = {
				ALWAYS_SEARCH_USER_PATHS = NO;
				ASSETCATALOG_COMPILER_GENERATE_SWIFT_ASSET_SYMBOL_EXTENSIONS = YES;
				CLANG_ANALYZER_NONNULL = YES;
				CLANG_ANALYZER_NUMBER_OBJECT_CONVERSION = YES_AGGRESSIVE;
				CLANG_CXX_LANGUAGE_STANDARD = "gnu++20";
				CLANG_ENABLE_MODULES = YES;
				CLANG_ENABLE_OBJC_ARC = YES;
				CLANG_ENABLE_OBJC_WEAK = YES;
				CLANG_WARN_BLOCK_CAPTURE_AUTORELEASING = YES;
				CLANG_WARN_BOOL_CONVERSION = YES;
				CLANG_WARN_COMMA = YES;
				CLANG_WARN_CONSTANT_CONVERSION = YES;
				CLANG_WARN_DEPRECATED_OBJC_IMPLEMENTATIONS = YES;
				CLANG_WARN_DIRECT_OBJC_ISA_USAGE = YES_ERROR;
				CLANG_WARN_DOCUMENTATION_COMMENTS = YES;
				CLANG_WARN_EMPTY_BODY = YES;
				CLANG_WARN_ENUM_CONVERSION = YES;
				CLANG_WARN_INFINITE_RECURSION = YES;
				CLANG_WARN_INT_CONVERSION = YES;
				CLANG_WARN_NON_LITERAL_NULL_CONVERSION = YES;
				CLANG_WARN_OBJC_IMPLICIT_RETAIN_SELF = YES;
				CLANG_WARN_OBJC_LITERAL_CONVERSION = YES;
				CLANG_WARN_OBJC_ROOT_CLASS = YES_ERROR;
				CLANG_WARN_QUOTED_INCLUDE_IN_FRAMEWORK_HEADER = YES;
				CLANG_WARN_RANGE_LOOP_ANALYSIS = YES;
				CLANG_WARN_STRICT_PROTOTYPES = YES;
				CLANG_WARN_SUSPICIOUS_MOVE = YES;
				CLANG_WARN_UNGUARDED_AVAILABILITY = YES_AGGRESSIVE;
				CLANG_WARN_UNREACHABLE_CODE = YES;
				CLANG_WARN__DUPLICATE_METHOD_MATCH = YES;
				COPY_PHASE_STRIP = NO;
				DEBUG_INFORMATION_FORMAT = dwarf;
				ENABLE_STRICT_OBJC_MSGSEND = YES;
				ENABLE_TESTABILITY = YES;
				ENABLE_USER_SCRIPT_SANDBOXING = YES;
				GCC_C_LANGUAGE_STANDARD = gnu17;
				GCC_DYNAMIC_NO_PIC = NO;
				GCC_NO_COMMON_BLOCKS = YES;
				GCC_OPTIMIZATION_LEVEL = 0;
				GCC_PREPROCESSOR_DEFINITIONS = (
					"DEBUG=1",
					"$(inherited)",
				);
				GCC_WARN_64_TO_32_BIT_CONVERSION = YES;
				GCC_WARN_ABOUT_RETURN_TYPE = YES_ERROR;
				GCC_WARN_UNDECLARED_SELECTOR = YES;
				GCC_WARN_UNINITIALIZED_AUTOS = YES_AGGRESSIVE;
				GCC_WARN_UNUSED_FUNCTION = YES;
				GCC_WARN_UNUSED_VARIABLE = YES;
				INFOPLIST_KEY_NSPhotoLibraryAddUsageDescription = "";
				INFOPLIST_KEY_NSPhotoLibraryUsageDescription = "used for barcodes";
				INFOPLIST_KEY_UIUserInterfaceStyle = Automatic;
				IPHONEOS_DEPLOYMENT_TARGET = 17.0;
				LOCALIZATION_PREFERS_STRING_CATALOGS = YES;
				MTL_ENABLE_DEBUG_INFO = INCLUDE_SOURCE;
				MTL_FAST_MATH = YES;
				ONLY_ACTIVE_ARCH = YES;
				SDKROOT = iphoneos;
				SWIFT_ACTIVE_COMPILATION_CONDITIONS = "DEBUG $(inherited)";
				SWIFT_OPTIMIZATION_LEVEL = "-Onone";
			};
			name = Debug;
		};
		FA32F6A62A9FD938007C2B3E /* Release */ = {
			isa = XCBuildConfiguration;
			buildSettings = {
				ALWAYS_SEARCH_USER_PATHS = NO;
				ASSETCATALOG_COMPILER_GENERATE_SWIFT_ASSET_SYMBOL_EXTENSIONS = YES;
				CLANG_ANALYZER_NONNULL = YES;
				CLANG_ANALYZER_NUMBER_OBJECT_CONVERSION = YES_AGGRESSIVE;
				CLANG_CXX_LANGUAGE_STANDARD = "gnu++20";
				CLANG_ENABLE_MODULES = YES;
				CLANG_ENABLE_OBJC_ARC = YES;
				CLANG_ENABLE_OBJC_WEAK = YES;
				CLANG_WARN_BLOCK_CAPTURE_AUTORELEASING = YES;
				CLANG_WARN_BOOL_CONVERSION = YES;
				CLANG_WARN_COMMA = YES;
				CLANG_WARN_CONSTANT_CONVERSION = YES;
				CLANG_WARN_DEPRECATED_OBJC_IMPLEMENTATIONS = YES;
				CLANG_WARN_DIRECT_OBJC_ISA_USAGE = YES_ERROR;
				CLANG_WARN_DOCUMENTATION_COMMENTS = YES;
				CLANG_WARN_EMPTY_BODY = YES;
				CLANG_WARN_ENUM_CONVERSION = YES;
				CLANG_WARN_INFINITE_RECURSION = YES;
				CLANG_WARN_INT_CONVERSION = YES;
				CLANG_WARN_NON_LITERAL_NULL_CONVERSION = YES;
				CLANG_WARN_OBJC_IMPLICIT_RETAIN_SELF = YES;
				CLANG_WARN_OBJC_LITERAL_CONVERSION = YES;
				CLANG_WARN_OBJC_ROOT_CLASS = YES_ERROR;
				CLANG_WARN_QUOTED_INCLUDE_IN_FRAMEWORK_HEADER = YES;
				CLANG_WARN_RANGE_LOOP_ANALYSIS = YES;
				CLANG_WARN_STRICT_PROTOTYPES = YES;
				CLANG_WARN_SUSPICIOUS_MOVE = YES;
				CLANG_WARN_UNGUARDED_AVAILABILITY = YES_AGGRESSIVE;
				CLANG_WARN_UNREACHABLE_CODE = YES;
				CLANG_WARN__DUPLICATE_METHOD_MATCH = YES;
				COPY_PHASE_STRIP = NO;
				DEBUG_INFORMATION_FORMAT = "dwarf-with-dsym";
				ENABLE_NS_ASSERTIONS = NO;
				ENABLE_STRICT_OBJC_MSGSEND = YES;
				ENABLE_USER_SCRIPT_SANDBOXING = YES;
				GCC_C_LANGUAGE_STANDARD = gnu17;
				GCC_NO_COMMON_BLOCKS = YES;
				GCC_WARN_64_TO_32_BIT_CONVERSION = YES;
				GCC_WARN_ABOUT_RETURN_TYPE = YES_ERROR;
				GCC_WARN_UNDECLARED_SELECTOR = YES;
				GCC_WARN_UNINITIALIZED_AUTOS = YES_AGGRESSIVE;
				GCC_WARN_UNUSED_FUNCTION = YES;
				GCC_WARN_UNUSED_VARIABLE = YES;
				INFOPLIST_KEY_NSPhotoLibraryAddUsageDescription = "";
				INFOPLIST_KEY_NSPhotoLibraryUsageDescription = "used for barcodes";
				INFOPLIST_KEY_UIUserInterfaceStyle = Automatic;
				IPHONEOS_DEPLOYMENT_TARGET = 17.0;
				LOCALIZATION_PREFERS_STRING_CATALOGS = YES;
				MTL_ENABLE_DEBUG_INFO = NO;
				MTL_FAST_MATH = YES;
				SDKROOT = iphoneos;
				SWIFT_COMPILATION_MODE = wholemodule;
				VALIDATE_PRODUCT = YES;
			};
			name = Release;
		};
		FA32F6A82A9FD938007C2B3E /* Debug */ = {
			isa = XCBuildConfiguration;
			buildSettings = {
				ALWAYS_EMBED_SWIFT_STANDARD_LIBRARIES = YES;
				ASSETCATALOG_COMPILER_APPICON_NAME = AppIcon;
				ASSETCATALOG_COMPILER_GLOBAL_ACCENT_COLOR_NAME = AccentColor;
				CODE_SIGN_ENTITLEMENTS = "";
				CODE_SIGN_STYLE = Automatic;
				CURRENT_PROJECT_VERSION = 1;
				DEVELOPMENT_ASSET_PATHS = "\"Saas/Preview Content\"";
				DEVELOPMENT_TEAM = X8P8CN4N2C;
				ENABLE_PREVIEWS = YES;
				GENERATE_INFOPLIST_FILE = YES;
				INFOPLIST_KEY_CFBundleDisplayName = Barcoded;
				INFOPLIST_KEY_LSApplicationCategoryType = "public.app-category.utilities";
				INFOPLIST_KEY_NSCameraUsageDescription = "used for scanning barcode";
				INFOPLIST_KEY_UIApplicationSceneManifest_Generation = YES;
				INFOPLIST_KEY_UIApplicationSupportsIndirectInputEvents = YES;
				INFOPLIST_KEY_UILaunchScreen_Generation = YES;
				INFOPLIST_KEY_UISupportedInterfaceOrientations_iPad = "UIInterfaceOrientationPortrait UIInterfaceOrientationPortraitUpsideDown UIInterfaceOrientationLandscapeLeft UIInterfaceOrientationLandscapeRight";
				INFOPLIST_KEY_UISupportedInterfaceOrientations_iPhone = "UIInterfaceOrientationPortrait UIInterfaceOrientationLandscapeLeft UIInterfaceOrientationLandscapeRight";
				LD_RUNPATH_SEARCH_PATHS = (
					"$(inherited)",
					"@executable_path/Frameworks",
				);
				MARKETING_VERSION = 1.0;
				PRODUCT_BUNDLE_IDENTIFIER = Simon.Saas;
				PRODUCT_NAME = Saas;
				SUPPORTED_PLATFORMS = "iphoneos iphonesimulator";
				SUPPORTS_MACCATALYST = NO;
				SUPPORTS_MAC_DESIGNED_FOR_IPHONE_IPAD = NO;
				SUPPORTS_XR_DESIGNED_FOR_IPHONE_IPAD = NO;
				SWIFT_EMIT_LOC_STRINGS = YES;
				SWIFT_VERSION = 5.0;
				TARGETED_DEVICE_FAMILY = 1;
			};
			name = Debug;
		};
		FA32F6A92A9FD938007C2B3E /* Release */ = {
			isa = XCBuildConfiguration;
			buildSettings = {
				ALWAYS_EMBED_SWIFT_STANDARD_LIBRARIES = YES;
				ASSETCATALOG_COMPILER_APPICON_NAME = AppIcon;
				ASSETCATALOG_COMPILER_GLOBAL_ACCENT_COLOR_NAME = AccentColor;
				CODE_SIGN_ENTITLEMENTS = "";
				CODE_SIGN_STYLE = Automatic;
				CURRENT_PROJECT_VERSION = 1;
				DEVELOPMENT_ASSET_PATHS = "\"Saas/Preview Content\"";
				DEVELOPMENT_TEAM = X8P8CN4N2C;
				ENABLE_PREVIEWS = YES;
				GENERATE_INFOPLIST_FILE = YES;
				INFOPLIST_KEY_CFBundleDisplayName = Barcoded;
				INFOPLIST_KEY_LSApplicationCategoryType = "public.app-category.utilities";
				INFOPLIST_KEY_NSCameraUsageDescription = "used for scanning barcode";
				INFOPLIST_KEY_UIApplicationSceneManifest_Generation = YES;
				INFOPLIST_KEY_UIApplicationSupportsIndirectInputEvents = YES;
				INFOPLIST_KEY_UILaunchScreen_Generation = YES;
				INFOPLIST_KEY_UISupportedInterfaceOrientations_iPad = "UIInterfaceOrientationPortrait UIInterfaceOrientationPortraitUpsideDown UIInterfaceOrientationLandscapeLeft UIInterfaceOrientationLandscapeRight";
				INFOPLIST_KEY_UISupportedInterfaceOrientations_iPhone = "UIInterfaceOrientationPortrait UIInterfaceOrientationLandscapeLeft UIInterfaceOrientationLandscapeRight";
				LD_RUNPATH_SEARCH_PATHS = (
					"$(inherited)",
					"@executable_path/Frameworks",
				);
				MARKETING_VERSION = 1.0;
				PRODUCT_BUNDLE_IDENTIFIER = Simon.Saas;
				PRODUCT_NAME = Saas;
				SUPPORTED_PLATFORMS = "iphoneos iphonesimulator";
				SUPPORTS_MACCATALYST = NO;
				SUPPORTS_MAC_DESIGNED_FOR_IPHONE_IPAD = NO;
				SUPPORTS_XR_DESIGNED_FOR_IPHONE_IPAD = NO;
				SWIFT_EMIT_LOC_STRINGS = YES;
				SWIFT_VERSION = 5.0;
				TARGETED_DEVICE_FAMILY = 1;
			};
			name = Release;
		};
/* End XCBuildConfiguration section */

/* Begin XCConfigurationList section */
		FA32F6942A9FD936007C2B3E /* Build configuration list for PBXProject "Saas" */ = {
			isa = XCConfigurationList;
			buildConfigurations = (
				FA32F6A52A9FD938007C2B3E /* Debug */,
				FA32F6A62A9FD938007C2B3E /* Release */,
			);
			defaultConfigurationIsVisible = 0;
			defaultConfigurationName = Release;
		};
		FA32F6A72A9FD938007C2B3E /* Build configuration list for PBXNativeTarget "Saas" */ = {
			isa = XCConfigurationList;
			buildConfigurations = (
				FA32F6A82A9FD938007C2B3E /* Debug */,
				FA32F6A92A9FD938007C2B3E /* Release */,
			);
			defaultConfigurationIsVisible = 0;
			defaultConfigurationName = Release;
		};
/* End XCConfigurationList section */

/* Begin XCRemoteSwiftPackageReference section */
		FAB3D7CE2AE18B87003787F5 /* XCRemoteSwiftPackageReference "codescanner" */ = {
			isa = XCRemoteSwiftPackageReference;
			repositoryURL = "https://github.com/twostraws/codescanner";
			requirement = {
				kind = upToNextMajorVersion;
				minimumVersion = 2.3.3;
			};
		};
/* End XCRemoteSwiftPackageReference section */

/* Begin XCSwiftPackageProductDependency section */
		FAB3D7CF2AE18E8C003787F5 /* CodeScanner */ = {
			isa = XCSwiftPackageProductDependency;
			package = FAB3D7CE2AE18B87003787F5 /* XCRemoteSwiftPackageReference "codescanner" */;
			productName = CodeScanner;
		};
/* End XCSwiftPackageProductDependency section */

/* Begin XCVersionGroup section */
		FAEFAC052B00B4490098F003 /* barcodeModel.xcdatamodeld */ = {
			isa = XCVersionGroup;
			children = (
				FAEFAC2D2B034B5D0098F003 /* barcodeModel 2.xcdatamodel */,
				FAEFAC062B00B4490098F003 /* barcodeModel.xcdatamodel */,
			);
			currentVersion = FAEFAC2D2B034B5D0098F003 /* barcodeModel 2.xcdatamodel */;
			path = barcodeModel.xcdatamodeld;
			sourceTree = "<group>";
			versionGroupType = wrapper.xcdatamodel;
		};
/* End XCVersionGroup section */
	};
	rootObject = FA32F6912A9FD936007C2B3E /* Project object */;
}
